
Microsoft Visual Studio Solution File, Format Version 12.00
# Visual Studio 15
VisualStudioVersion = 15.0.26228.4
MinimumVisualStudioVersion = 10.0.40219.1
Project("{D954291E-2A0B-460D-934E-DC6B0785DB48}") = "Rocks.Shared", "Rocks.Shared\Rocks.Shared.shproj", "{AB695BBA-5AC9-4FBC-A977-41C145D9C12D}"
EndProject
Project("{FAE04EC0-301F-11D3-BF4B-00C04F79EFBC}") = "Rocks.NETFramework", "Rocks.NETFramework\Rocks.NETFramework.csproj", "{BFA941A6-8634-45FD-A9A3-C173BCE96D6E}"
EndProject
Project("{D954291E-2A0B-460D-934E-DC6B0785DB48}") = "Rocks.RockAssemblyTestContainer.Shared", "Rocks.RockAssemblyTestContainer.Shared\Rocks.RockAssemblyTestContainer.Shared.shproj", "{12CF91BB-EA04-46DE-BEF1-FDB6941D738A}"
EndProject
Project("{FAE04EC0-301F-11D3-BF4B-00C04F79EFBC}") = "Rocks.RockAssemblyTestContainer.NETFramework", "Rocks.RockAssemblyTestContainer.NETFramework\Rocks.RockAssemblyTestContainer.NETFramework.csproj", "{E52FF051-DB63-4EFA-A078-D0B2DD550473}"
EndProject
Project("{D954291E-2A0B-460D-934E-DC6B0785DB48}") = "Rocks.Tests.Types.Shared", "Rocks.Tests.Types.Shared\Rocks.Tests.Types.Shared.shproj", "{D83A2FF7-3F0A-4149-8D06-7E096104823D}"
EndProject
Project("{FAE04EC0-301F-11D3-BF4B-00C04F79EFBC}") = "Rocks.Tests.Types.NETFramework", "Rocks.Tests.Types.NETFramework\Rocks.Tests.Types.NETFramework.csproj", "{5F794BB0-5557-4C86-9D6D-5A72998BF503}"
EndProject
Project("{D954291E-2A0B-460D-934E-DC6B0785DB48}") = "Rocks.Tests.Shared", "Rocks.Tests.Shared\Rocks.Tests.Shared.shproj", "{ADAD2C69-DF7C-4702-829C-D33D9BB179A5}"
EndProject
Project("{FAE04EC0-301F-11D3-BF4B-00C04F79EFBC}") = "Rocks.Tests.NETFramework", "Rocks.Tests.NETFramework\Rocks.Tests.NETFramework.csproj", "{134439CC-7437-4B87-ABDE-E096E8AF6DF9}"
EndProject
Project("{FAE04EC0-301F-11D3-BF4B-00C04F79EFBC}") = "Rocks.Run.NETFramework", "Rocks.Run.NETFramework\Rocks.Run.NETFramework.csproj", "{213152C7-8534-42EB-99AF-A37F8CAA9183}"
EndProject
Project("{FAE04EC0-301F-11D3-BF4B-00C04F79EFBC}") = "Rocks.Task", "Rocks.Task\Rocks.Task.csproj", "{66D83481-D2BC-42E8-9624-C5E07AE41EFC}"
EndProject
Project("{FAE04EC0-301F-11D3-BF4B-00C04F79EFBC}") = "Rocks.Task.Tests", "Rocks.Task.Tests\Rocks.Task.Tests.csproj", "{1954133D-967B-4C80-9E8E-92F07568FD7B}"
EndProject
Project("{FAE04EC0-301F-11D3-BF4B-00C04F79EFBC}") = "Rocks.Sketchpad", "Rocks.Sketchpad\Rocks.Sketchpad.csproj", "{81F83C5E-AFE8-40E1-B01C-7A8A569FCA70}"
EndProject
Global
	GlobalSection(SharedMSBuildProjectFiles) = preSolution
		Rocks.RockAssemblyTestContainer.Shared\Rocks.RockAssemblyTestContainer.Shared.projitems*{12cf91bb-ea04-46de-bef1-fdb6941d738a}*SharedItemsImports = 13
		Rocks.Tests.Shared\Rocks.Tests.Shared.projitems*{134439cc-7437-4b87-abde-e096e8af6df9}*SharedItemsImports = 4
		Rocks.Tests.Types.Shared\Rocks.Tests.Types.Shared.projitems*{5f794bb0-5557-4c86-9d6d-5a72998bf503}*SharedItemsImports = 4
		Rocks.Shared\Rocks.Shared.projitems*{ab695bba-5ac9-4fbc-a977-41c145d9c12d}*SharedItemsImports = 13
		Rocks.Tests.Shared\Rocks.Tests.Shared.projitems*{adad2c69-df7c-4702-829c-d33d9bb179a5}*SharedItemsImports = 13
		Rocks.Shared\Rocks.Shared.projitems*{bfa941a6-8634-45fd-a9a3-c173bce96d6e}*SharedItemsImports = 4
		Rocks.Tests.Types.Shared\Rocks.Tests.Types.Shared.projitems*{d83a2ff7-3f0a-4149-8d06-7e096104823d}*SharedItemsImports = 13
		Rocks.RockAssemblyTestContainer.Shared\Rocks.RockAssemblyTestContainer.Shared.projitems*{e52ff051-db63-4efa-a078-d0b2dd550473}*SharedItemsImports = 4
	EndGlobalSection
	GlobalSection(SolutionConfigurationPlatforms) = preSolution
		Debug|Any CPU = Debug|Any CPU
		Release|Any CPU = Release|Any CPU
	EndGlobalSection
	GlobalSection(ProjectConfigurationPlatforms) = postSolution
		{BFA941A6-8634-45FD-A9A3-C173BCE96D6E}.Debug|Any CPU.ActiveCfg = Debug|Any CPU
		{BFA941A6-8634-45FD-A9A3-C173BCE96D6E}.Debug|Any CPU.Build.0 = Debug|Any CPU
		{BFA941A6-8634-45FD-A9A3-C173BCE96D6E}.Release|Any CPU.ActiveCfg = Release|Any CPU
		{BFA941A6-8634-45FD-A9A3-C173BCE96D6E}.Release|Any CPU.Build.0 = Release|Any CPU
		{E52FF051-DB63-4EFA-A078-D0B2DD550473}.Debug|Any CPU.ActiveCfg = Debug|Any CPU
		{E52FF051-DB63-4EFA-A078-D0B2DD550473}.Debug|Any CPU.Build.0 = Debug|Any CPU
		{E52FF051-DB63-4EFA-A078-D0B2DD550473}.Release|Any CPU.ActiveCfg = Release|Any CPU
		{E52FF051-DB63-4EFA-A078-D0B2DD550473}.Release|Any CPU.Build.0 = Release|Any CPU
		{5F794BB0-5557-4C86-9D6D-5A72998BF503}.Debug|Any CPU.ActiveCfg = Debug|Any CPU
		{5F794BB0-5557-4C86-9D6D-5A72998BF503}.Debug|Any CPU.Build.0 = Debug|Any CPU
		{5F794BB0-5557-4C86-9D6D-5A72998BF503}.Release|Any CPU.ActiveCfg = Release|Any CPU
		{5F794BB0-5557-4C86-9D6D-5A72998BF503}.Release|Any CPU.Build.0 = Release|Any CPU
		{134439CC-7437-4B87-ABDE-E096E8AF6DF9}.Debug|Any CPU.ActiveCfg = Debug|Any CPU
		{134439CC-7437-4B87-ABDE-E096E8AF6DF9}.Debug|Any CPU.Build.0 = Debug|Any CPU
		{134439CC-7437-4B87-ABDE-E096E8AF6DF9}.Release|Any CPU.ActiveCfg = Release|Any CPU
		{134439CC-7437-4B87-ABDE-E096E8AF6DF9}.Release|Any CPU.Build.0 = Release|Any CPU
		{213152C7-8534-42EB-99AF-A37F8CAA9183}.Debug|Any CPU.ActiveCfg = Debug|Any CPU
		{213152C7-8534-42EB-99AF-A37F8CAA9183}.Debug|Any CPU.Build.0 = Debug|Any CPU
		{213152C7-8534-42EB-99AF-A37F8CAA9183}.Release|Any CPU.ActiveCfg = Release|Any CPU
		{213152C7-8534-42EB-99AF-A37F8CAA9183}.Release|Any CPU.Build.0 = Release|Any CPU
		{66D83481-D2BC-42E8-9624-C5E07AE41EFC}.Debug|Any CPU.ActiveCfg = Debug|Any CPU
		{66D83481-D2BC-42E8-9624-C5E07AE41EFC}.Debug|Any CPU.Build.0 = Debug|Any CPU
		{66D83481-D2BC-42E8-9624-C5E07AE41EFC}.Release|Any CPU.ActiveCfg = Release|Any CPU
		{66D83481-D2BC-42E8-9624-C5E07AE41EFC}.Release|Any CPU.Build.0 = Release|Any CPU
		{1954133D-967B-4C80-9E8E-92F07568FD7B}.Debug|Any CPU.ActiveCfg = Debug|Any CPU
		{1954133D-967B-4C80-9E8E-92F07568FD7B}.Debug|Any CPU.Build.0 = Debug|Any CPU
		{1954133D-967B-4C80-9E8E-92F07568FD7B}.Release|Any CPU.ActiveCfg = Release|Any CPU
		{1954133D-967B-4C80-9E8E-92F07568FD7B}.Release|Any CPU.Build.0 = Release|Any CPU
		{81F83C5E-AFE8-40E1-B01C-7A8A569FCA70}.Debug|Any CPU.ActiveCfg = Debug|Any CPU
		{81F83C5E-AFE8-40E1-B01C-7A8A569FCA70}.Debug|Any CPU.Build.0 = Debug|Any CPU
		{81F83C5E-AFE8-40E1-B01C-7A8A569FCA70}.Release|Any CPU.ActiveCfg = Release|Any CPU
		{81F83C5E-AFE8-40E1-B01C-7A8A569FCA70}.Release|Any CPU.Build.0 = Release|Any CPU
	EndGlobalSection
	GlobalSection(SolutionProperties) = preSolution
		HideSolutionNode = FALSE
	EndGlobalSection
EndGlobal
