
Microsoft Visual Studio Solution File, Format Version 12.00
# Visual Studio 15
VisualStudioVersion = 15.0.26403.7
MinimumVisualStudioVersion = 10.0.40219.1
Project("{FAE04EC0-301F-11D3-BF4B-00C04F79EFBC}") = "Rocks", "Rocks\Rocks.csproj", "{5630AB3F-B029-4FE0-B883-37F47283AC1B}"
EndProject
Project("{2150E333-8FDC-42A3-9474-1A3956D46DE8}") = "Solution Items", "Solution Items", "{AB1CE37F-5C72-4057-A10C-3ACBD77FB044}"
	ProjectSection(SolutionItems) = preProject
		.editorconfig = .editorconfig
	EndProjectSection
EndProject
Project("{FAE04EC0-301F-11D3-BF4B-00C04F79EFBC}") = "Rocks.Tests", "Rocks.Tests\Rocks.Tests.csproj", "{DF54FD92-3B7A-46DF-8AC1-D62FA9C17A77}"
EndProject
Project("{FAE04EC0-301F-11D3-BF4B-00C04F79EFBC}") = "Rocks.Tests.Types", "Rocks.Tests.Types\Rocks.Tests.Types.csproj", "{0805F768-D4DF-486B-B13C-21BEE8C06F33}"
EndProject
Project("{FAE04EC0-301F-11D3-BF4B-00C04F79EFBC}") = "Rocks.RockAssemblyTestContainer", "Rocks.RockAssemblyTestContainer\Rocks.RockAssemblyTestContainer.csproj", "{B0A078FC-BFB9-44BB-B55C-CC8AC0C128C4}"
EndProject
Project("{FAE04EC0-301F-11D3-BF4B-00C04F79EFBC}") = "Rocks.Tests.NETCoreTarget", "Rocks.Tests.NETCoreTarget\Rocks.Tests.NETCoreTarget.csproj", "{D9BEC153-1C7B-4DC1-B050-B03AE20783D1}"
EndProject
Project("{FAE04EC0-301F-11D3-BF4B-00C04F79EFBC}") = "Rocks.Tests.NETFrameworkTarget", "Rocks.Tests.NETFrameworkTarget\Rocks.Tests.NETFrameworkTarget.csproj", "{E71D1FAA-F788-450A-8EDB-44231570610C}"
EndProject
Project("{FAE04EC0-301F-11D3-BF4B-00C04F79EFBC}") = "Rocks.Task", "Rocks.Task\Rocks.Task.csproj", "{66D83481-D2BC-42E8-9624-C5E07AE41EFC}"
EndProject
Project("{FAE04EC0-301F-11D3-BF4B-00C04F79EFBC}") = "Rocks.Task.Tests", "Rocks.Task.Tests\Rocks.Task.Tests.csproj", "{1954133D-967B-4C80-9E8E-92F07568FD7B}"
EndProject
Project("{FAE04EC0-301F-11D3-BF4B-00C04F79EFBC}") = "Rocks.Sketchpad", "Rocks.Sketchpad\Rocks.Sketchpad.csproj", "{81F83C5E-AFE8-40E1-B01C-7A8A569FCA70}"
EndProject
Global
	GlobalSection(SolutionConfigurationPlatforms) = preSolution
		Debug|Any CPU = Debug|Any CPU
		Release|Any CPU = Release|Any CPU
	EndGlobalSection
	GlobalSection(ProjectConfigurationPlatforms) = postSolution
		{5630AB3F-B029-4FE0-B883-37F47283AC1B}.Debug|Any CPU.ActiveCfg = Debug|Any CPU
		{5630AB3F-B029-4FE0-B883-37F47283AC1B}.Debug|Any CPU.Build.0 = Debug|Any CPU
		{5630AB3F-B029-4FE0-B883-37F47283AC1B}.Release|Any CPU.ActiveCfg = Release|Any CPU
		{5630AB3F-B029-4FE0-B883-37F47283AC1B}.Release|Any CPU.Build.0 = Release|Any CPU
		{DF54FD92-3B7A-46DF-8AC1-D62FA9C17A77}.Debug|Any CPU.ActiveCfg = Debug|Any CPU
		{DF54FD92-3B7A-46DF-8AC1-D62FA9C17A77}.Debug|Any CPU.Build.0 = Debug|Any CPU
		{DF54FD92-3B7A-46DF-8AC1-D62FA9C17A77}.Release|Any CPU.ActiveCfg = Release|Any CPU
		{DF54FD92-3B7A-46DF-8AC1-D62FA9C17A77}.Release|Any CPU.Build.0 = Release|Any CPU
		{0805F768-D4DF-486B-B13C-21BEE8C06F33}.Debug|Any CPU.ActiveCfg = Debug|Any CPU
		{0805F768-D4DF-486B-B13C-21BEE8C06F33}.Debug|Any CPU.Build.0 = Debug|Any CPU
		{0805F768-D4DF-486B-B13C-21BEE8C06F33}.Release|Any CPU.ActiveCfg = Release|Any CPU
		{0805F768-D4DF-486B-B13C-21BEE8C06F33}.Release|Any CPU.Build.0 = Release|Any CPU
		{B0A078FC-BFB9-44BB-B55C-CC8AC0C128C4}.Debug|Any CPU.ActiveCfg = Debug|Any CPU
		{B0A078FC-BFB9-44BB-B55C-CC8AC0C128C4}.Debug|Any CPU.Build.0 = Debug|Any CPU
		{B0A078FC-BFB9-44BB-B55C-CC8AC0C128C4}.Release|Any CPU.ActiveCfg = Release|Any CPU
		{B0A078FC-BFB9-44BB-B55C-CC8AC0C128C4}.Release|Any CPU.Build.0 = Release|Any CPU
		{D9BEC153-1C7B-4DC1-B050-B03AE20783D1}.Debug|Any CPU.ActiveCfg = Debug|Any CPU
		{D9BEC153-1C7B-4DC1-B050-B03AE20783D1}.Debug|Any CPU.Build.0 = Debug|Any CPU
		{D9BEC153-1C7B-4DC1-B050-B03AE20783D1}.Release|Any CPU.ActiveCfg = Release|Any CPU
		{D9BEC153-1C7B-4DC1-B050-B03AE20783D1}.Release|Any CPU.Build.0 = Release|Any CPU
		{E71D1FAA-F788-450A-8EDB-44231570610C}.Debug|Any CPU.ActiveCfg = Debug|Any CPU
		{E71D1FAA-F788-450A-8EDB-44231570610C}.Debug|Any CPU.Build.0 = Debug|Any CPU
		{E71D1FAA-F788-450A-8EDB-44231570610C}.Release|Any CPU.ActiveCfg = Release|Any CPU
		{E71D1FAA-F788-450A-8EDB-44231570610C}.Release|Any CPU.Build.0 = Release|Any CPU
		{66D83481-D2BC-42E8-9624-C5E07AE41EFC}.Debug|Any CPU.ActiveCfg = Debug|Any CPU
		{66D83481-D2BC-42E8-9624-C5E07AE41EFC}.Debug|Any CPU.Build.0 = Debug|Any CPU
		{66D83481-D2BC-42E8-9624-C5E07AE41EFC}.Release|Any CPU.ActiveCfg = Release|Any CPU
		{66D83481-D2BC-42E8-9624-C5E07AE41EFC}.Release|Any CPU.Build.0 = Release|Any CPU
		{1954133D-967B-4C80-9E8E-92F07568FD7B}.Debug|Any CPU.ActiveCfg = Debug|Any CPU
		{1954133D-967B-4C80-9E8E-92F07568FD7B}.Debug|Any CPU.Build.0 = Debug|Any CPU
		{1954133D-967B-4C80-9E8E-92F07568FD7B}.Release|Any CPU.ActiveCfg = Release|Any CPU
		{1954133D-967B-4C80-9E8E-92F07568FD7B}.Release|Any CPU.Build.0 = Release|Any CPU
		{81F83C5E-AFE8-40E1-B01C-7A8A569FCA70}.Debug|Any CPU.ActiveCfg = Debug|Any CPU
		{81F83C5E-AFE8-40E1-B01C-7A8A569FCA70}.Debug|Any CPU.Build.0 = Debug|Any CPU
		{81F83C5E-AFE8-40E1-B01C-7A8A569FCA70}.Release|Any CPU.ActiveCfg = Release|Any CPU
		{81F83C5E-AFE8-40E1-B01C-7A8A569FCA70}.Release|Any CPU.Build.0 = Release|Any CPU
	EndGlobalSection
	GlobalSection(SolutionProperties) = preSolution
		HideSolutionNode = FALSE
	EndGlobalSection
EndGlobal
