
Microsoft Visual Studio Solution File, Format Version 12.00
# Visual Studio 15
VisualStudioVersion = 15.0.26228.4
MinimumVisualStudioVersion = 10.0.40219.1
Project("{D954291E-2A0B-460D-934E-DC6B0785DB48}") = "Rocks.Shared", "Rocks.Shared\Rocks.Shared.shproj", "{AB695BBA-5AC9-4FBC-A977-41C145D9C12D}"
EndProject
Project("{9A19103F-16F7-4668-BE54-9A1E7A4F7556}") = "Rocks.NETCore", "Rocks.NETCore\Rocks.NETCore.csproj", "{BCA4EDDD-423B-4DCD-B6CA-0D5D11BE84A9}"
EndProject
Project("{D954291E-2A0B-460D-934E-DC6B0785DB48}") = "Rocks.RockAssemblyTestContainer.Shared", "Rocks.RockAssemblyTestContainer.Shared\Rocks.RockAssemblyTestContainer.Shared.shproj", "{12CF91BB-EA04-46DE-BEF1-FDB6941D738A}"
EndProject
Project("{9A19103F-16F7-4668-BE54-9A1E7A4F7556}") = "Rocks.RockAssemblyTestContainer.NETCore", "Rocks.RockAssemblyTestContainer.NETCore\Rocks.RockAssemblyTestContainer.NETCore.csproj", "{2BB009DA-3B09-4178-B78F-99C6AEED9C25}"
EndProject
Project("{D954291E-2A0B-460D-934E-DC6B0785DB48}") = "Rocks.Tests.Types.Shared", "Rocks.Tests.Types.Shared\Rocks.Tests.Types.Shared.shproj", "{D83A2FF7-3F0A-4149-8D06-7E096104823D}"
EndProject
Project("{9A19103F-16F7-4668-BE54-9A1E7A4F7556}") = "Rocks.Tests.Types.NETCore", "Rocks.Tests.Types.NETCore\Rocks.Tests.Types.NETCore.csproj", "{076AC101-0FDD-4BD3-A0D3-293B1B078BD5}"
EndProject
Project("{D954291E-2A0B-460D-934E-DC6B0785DB48}") = "Rocks.Tests.Shared", "Rocks.Tests.Shared\Rocks.Tests.Shared.shproj", "{ADAD2C69-DF7C-4702-829C-D33D9BB179A5}"
EndProject
Project("{9A19103F-16F7-4668-BE54-9A1E7A4F7556}") = "Rocks.Tests.NETCore", "Rocks.Tests.NETCore\Rocks.Tests.NETCore.csproj", "{93E4CD68-D0C6-4FDA-B2BF-0641912F68DC}"
EndProject
Project("{9A19103F-16F7-4668-BE54-9A1E7A4F7556}") = "Rocks.Run.NETCore", "Rocks.Run.NETCore\Rocks.Run.NETCore.csproj", "{CBC38DE0-A74B-4AD9-B7E7-AA052A445035}"
EndProject
Global
	GlobalSection(SharedMSBuildProjectFiles) = preSolution
		Rocks.RockAssemblyTestContainer.Shared\Rocks.RockAssemblyTestContainer.Shared.projitems*{12cf91bb-ea04-46de-bef1-fdb6941d738a}*SharedItemsImports = 13
		Rocks.Shared\Rocks.Shared.projitems*{ab695bba-5ac9-4fbc-a977-41c145d9c12d}*SharedItemsImports = 13
		Rocks.Tests.Shared\Rocks.Tests.Shared.projitems*{adad2c69-df7c-4702-829c-d33d9bb179a5}*SharedItemsImports = 13
		Rocks.Tests.Types.Shared\Rocks.Tests.Types.Shared.projitems*{d83a2ff7-3f0a-4149-8d06-7e096104823d}*SharedItemsImports = 13
	EndGlobalSection
	GlobalSection(SolutionConfigurationPlatforms) = preSolution
		Debug|Any CPU = Debug|Any CPU
		Release|Any CPU = Release|Any CPU
	EndGlobalSection
	GlobalSection(ProjectConfigurationPlatforms) = postSolution
		{BCA4EDDD-423B-4DCD-B6CA-0D5D11BE84A9}.Debug|Any CPU.ActiveCfg = Debug|Any CPU
		{BCA4EDDD-423B-4DCD-B6CA-0D5D11BE84A9}.Debug|Any CPU.Build.0 = Debug|Any CPU
		{BCA4EDDD-423B-4DCD-B6CA-0D5D11BE84A9}.Release|Any CPU.ActiveCfg = Release|Any CPU
		{BCA4EDDD-423B-4DCD-B6CA-0D5D11BE84A9}.Release|Any CPU.Build.0 = Release|Any CPU
		{2BB009DA-3B09-4178-B78F-99C6AEED9C25}.Debug|Any CPU.ActiveCfg = Debug|Any CPU
		{2BB009DA-3B09-4178-B78F-99C6AEED9C25}.Debug|Any CPU.Build.0 = Debug|Any CPU
		{2BB009DA-3B09-4178-B78F-99C6AEED9C25}.Release|Any CPU.ActiveCfg = Release|Any CPU
		{2BB009DA-3B09-4178-B78F-99C6AEED9C25}.Release|Any CPU.Build.0 = Release|Any CPU
		{076AC101-0FDD-4BD3-A0D3-293B1B078BD5}.Debug|Any CPU.ActiveCfg = Debug|Any CPU
		{076AC101-0FDD-4BD3-A0D3-293B1B078BD5}.Debug|Any CPU.Build.0 = Debug|Any CPU
		{076AC101-0FDD-4BD3-A0D3-293B1B078BD5}.Release|Any CPU.ActiveCfg = Release|Any CPU
		{076AC101-0FDD-4BD3-A0D3-293B1B078BD5}.Release|Any CPU.Build.0 = Release|Any CPU
		{93E4CD68-D0C6-4FDA-B2BF-0641912F68DC}.Debug|Any CPU.ActiveCfg = Debug|Any CPU
		{93E4CD68-D0C6-4FDA-B2BF-0641912F68DC}.Debug|Any CPU.Build.0 = Debug|Any CPU
		{93E4CD68-D0C6-4FDA-B2BF-0641912F68DC}.Release|Any CPU.ActiveCfg = Release|Any CPU
		{93E4CD68-D0C6-4FDA-B2BF-0641912F68DC}.Release|Any CPU.Build.0 = Release|Any CPU
		{CBC38DE0-A74B-4AD9-B7E7-AA052A445035}.Debug|Any CPU.ActiveCfg = Debug|Any CPU
		{CBC38DE0-A74B-4AD9-B7E7-AA052A445035}.Debug|Any CPU.Build.0 = Debug|Any CPU
		{CBC38DE0-A74B-4AD9-B7E7-AA052A445035}.Release|Any CPU.ActiveCfg = Release|Any CPU
		{CBC38DE0-A74B-4AD9-B7E7-AA052A445035}.Release|Any CPU.Build.0 = Release|Any CPU
	EndGlobalSection
	GlobalSection(SolutionProperties) = preSolution
		HideSolutionNode = FALSE
	EndGlobalSection
EndGlobal
