
Microsoft Visual Studio Solution File, Format Version 12.00
# Visual Studio 15
VisualStudioVersion = 15.0.26403.0
MinimumVisualStudioVersion = 10.0.40219.1
Project("{D954291E-2A0B-460D-934E-DC6B0785DB48}") = "Rocks.Shared", "Rocks.Shared\Rocks.Shared.shproj", "{AB695BBA-5AC9-4FBC-A977-41C145D9C12D}"
EndProject
Project("{FAE04EC0-301F-11D3-BF4B-00C04F79EFBC}") = "Rocks.NETCore", "Rocks.NETCore\Rocks.NETCore.csproj", "{9C237C0D-A32E-49E1-89BC-353E5D7DCA2D}"
EndProject
Project("{FAE04EC0-301F-11D3-BF4B-00C04F79EFBC}") = "Rocks.Run.NETCore", "Rocks.Run.NETCore\Rocks.Run.NETCore.csproj", "{629E69A4-54BB-409D-8710-33C2223E99DE}"
EndProject
Global
	GlobalSection(SharedMSBuildProjectFiles) = preSolution
		Rocks.Shared\Rocks.Shared.projitems*{ab695bba-5ac9-4fbc-a977-41c145d9c12d}*SharedItemsImports = 13
	EndGlobalSection
	GlobalSection(SolutionConfigurationPlatforms) = preSolution
		Debug|Any CPU = Debug|Any CPU
		Release|Any CPU = Release|Any CPU
	EndGlobalSection
	GlobalSection(ProjectConfigurationPlatforms) = postSolution
		{9C237C0D-A32E-49E1-89BC-353E5D7DCA2D}.Debug|Any CPU.ActiveCfg = Debug|Any CPU
		{9C237C0D-A32E-49E1-89BC-353E5D7DCA2D}.Debug|Any CPU.Build.0 = Debug|Any CPU
		{9C237C0D-A32E-49E1-89BC-353E5D7DCA2D}.Release|Any CPU.ActiveCfg = Release|Any CPU
		{9C237C0D-A32E-49E1-89BC-353E5D7DCA2D}.Release|Any CPU.Build.0 = Release|Any CPU
		{629E69A4-54BB-409D-8710-33C2223E99DE}.Debug|Any CPU.ActiveCfg = Debug|Any CPU
		{629E69A4-54BB-409D-8710-33C2223E99DE}.Debug|Any CPU.Build.0 = Debug|Any CPU
		{629E69A4-54BB-409D-8710-33C2223E99DE}.Release|Any CPU.ActiveCfg = Release|Any CPU
		{629E69A4-54BB-409D-8710-33C2223E99DE}.Release|Any CPU.Build.0 = Release|Any CPU
	EndGlobalSection
	GlobalSection(SolutionProperties) = preSolution
		HideSolutionNode = FALSE
	EndGlobalSection
EndGlobal
