<Solution>
  <Folder Name="/Solution Items/">
    <File Path=".editorconfig" />
    <File Path="Directory.Build.props" />
  </Folder>
  <Project Path="Rocks.Scenarios/Rocks.Scenarios.csproj" />
  <Project Path="Rocks.Analysis/Rocks.Analysis.csproj" />
  <Project Path="Rocks.Completions/Rocks.Completions.csproj" />
  <Project Path="Rocks/Rocks.csproj" />
</Solution>